
Microsoft Visual Studio Solution File, Format Version 12.00
# Visual Studio Version 17
VisualStudioVersion = 17.12.35309.182
MinimumVisualStudioVersion = 10.0.40219.1
Project("{FAE04EC0-301F-11D3-BF4B-00C04F79EFBC}") = "Gravicode.TFLite", "Gravicode.TFLite\Gravicode.TFLite.csproj", "{36172BDB-A923-4CA9-ACA6-69C94D40F23E}"
EndProject
Project("{2150E333-8FDC-42A3-9474-1A3956D46DE8}") = "Libs", "Libs", "{18EE4F09-681F-4DE4-A255-2C595D415B08}"
EndProject
Project("{2150E333-8FDC-42A3-9474-1A3956D46DE8}") = "Samples", "Samples", "{959D5576-11D3-43E0-8E84-98AB8406A347}"
EndProject
Project("{FAE04EC0-301F-11D3-BF4B-00C04F79EFBC}") = "HelloWorld", "HelloWorld\HelloWorld.csproj", "{DFC43CB1-075D-4797-A3EF-DBC74F7DC814}"
EndProject
Project("{FAE04EC0-301F-11D3-BF4B-00C04F79EFBC}") = "PersonDetector", "PersonDetector\PersonDetector.csproj", "{ECB96B92-E6F0-434D-96F5-105AFB5D7D41}"
EndProject
Global
	GlobalSection(SolutionConfigurationPlatforms) = preSolution
		Debug|Any CPU = Debug|Any CPU
		Release|Any CPU = Release|Any CPU
	EndGlobalSection
	GlobalSection(ProjectConfigurationPlatforms) = postSolution
		{36172BDB-A923-4CA9-ACA6-69C94D40F23E}.Debug|Any CPU.ActiveCfg = Debug|Any CPU
		{36172BDB-A923-4CA9-ACA6-69C94D40F23E}.Debug|Any CPU.Build.0 = Debug|Any CPU
		{36172BDB-A923-4CA9-ACA6-69C94D40F23E}.Release|Any CPU.ActiveCfg = Release|Any CPU
		{36172BDB-A923-4CA9-ACA6-69C94D40F23E}.Release|Any CPU.Build.0 = Release|Any CPU
		{DFC43CB1-075D-4797-A3EF-DBC74F7DC814}.Debug|Any CPU.ActiveCfg = Debug|Any CPU
		{DFC43CB1-075D-4797-A3EF-DBC74F7DC814}.Debug|Any CPU.Build.0 = Debug|Any CPU
		{DFC43CB1-075D-4797-A3EF-DBC74F7DC814}.Release|Any CPU.ActiveCfg = Release|Any CPU
		{DFC43CB1-075D-4797-A3EF-DBC74F7DC814}.Release|Any CPU.Build.0 = Release|Any CPU
		{ECB96B92-E6F0-434D-96F5-105AFB5D7D41}.Debug|Any CPU.ActiveCfg = Debug|Any CPU
		{ECB96B92-E6F0-434D-96F5-105AFB5D7D41}.Debug|Any CPU.Build.0 = Debug|Any CPU
		{ECB96B92-E6F0-434D-96F5-105AFB5D7D41}.Release|Any CPU.ActiveCfg = Release|Any CPU
		{ECB96B92-E6F0-434D-96F5-105AFB5D7D41}.Release|Any CPU.Build.0 = Release|Any CPU
	EndGlobalSection
	GlobalSection(SolutionProperties) = preSolution
		HideSolutionNode = FALSE
	EndGlobalSection
	GlobalSection(NestedProjects) = preSolution
		{36172BDB-A923-4CA9-ACA6-69C94D40F23E} = {18EE4F09-681F-4DE4-A255-2C595D415B08}
		{DFC43CB1-075D-4797-A3EF-DBC74F7DC814} = {959D5576-11D3-43E0-8E84-98AB8406A347}
		{ECB96B92-E6F0-434D-96F5-105AFB5D7D41} = {959D5576-11D3-43E0-8E84-98AB8406A347}
	EndGlobalSection
	GlobalSection(ExtensibilityGlobals) = postSolution
		SolutionGuid = {BEDC6FE2-9AE0-4CB4-986B-44A06F5B6DEA}
	EndGlobalSection
EndGlobal
